
Microsoft Visual Studio Solution File, Format Version 12.00
# Visual Studio Version 16
VisualStudioVersion = 16.0.31205.134
MinimumVisualStudioVersion = 10.0.40219.1
Project("{FAE04EC0-301F-11D3-BF4B-00C04F79EFBC}") = "Tarea S3.Android", "Tarea S3.Android\Tarea S3.Android.csproj", "{7B813CBD-DEF0-42E0-9FFE-B44BCF8C441A}"
EndProject
Project("{FAE04EC0-301F-11D3-BF4B-00C04F79EFBC}") = "Tarea S3.iOS", "Tarea S3.iOS\Tarea S3.iOS.csproj", "{8BB946A4-4C0B-40B8-8B2A-38B4BF2926B0}"
EndProject
Project("{FAE04EC0-301F-11D3-BF4B-00C04F79EFBC}") = "Tarea S3", "Tarea S3\Tarea S3.csproj", "{0448A8C9-2B41-4764-8355-892AE7237701}"
EndProject
Global
	GlobalSection(SolutionConfigurationPlatforms) = preSolution
		Debug|Any CPU = Debug|Any CPU
		Debug|iPhone = Debug|iPhone
		Debug|iPhoneSimulator = Debug|iPhoneSimulator
		Release|Any CPU = Release|Any CPU
		Release|iPhone = Release|iPhone
		Release|iPhoneSimulator = Release|iPhoneSimulator
	EndGlobalSection
	GlobalSection(ProjectConfigurationPlatforms) = postSolution
		{7B813CBD-DEF0-42E0-9FFE-B44BCF8C441A}.Debug|Any CPU.ActiveCfg = Debug|Any CPU
		{7B813CBD-DEF0-42E0-9FFE-B44BCF8C441A}.Debug|Any CPU.Build.0 = Debug|Any CPU
		{7B813CBD-DEF0-42E0-9FFE-B44BCF8C441A}.Debug|Any CPU.Deploy.0 = Debug|Any CPU
		{7B813CBD-DEF0-42E0-9FFE-B44BCF8C441A}.Debug|iPhone.ActiveCfg = Debug|Any CPU
		{7B813CBD-DEF0-42E0-9FFE-B44BCF8C441A}.Debug|iPhone.Build.0 = Debug|Any CPU
		{7B813CBD-DEF0-42E0-9FFE-B44BCF8C441A}.Debug|iPhone.Deploy.0 = Debug|Any CPU
		{7B813CBD-DEF0-42E0-9FFE-B44BCF8C441A}.Debug|iPhoneSimulator.ActiveCfg = Debug|Any CPU
		{7B813CBD-DEF0-42E0-9FFE-B44BCF8C441A}.Debug|iPhoneSimulator.Build.0 = Debug|Any CPU
		{7B813CBD-DEF0-42E0-9FFE-B44BCF8C441A}.Debug|iPhoneSimulator.Deploy.0 = Debug|Any CPU
		{7B813CBD-DEF0-42E0-9FFE-B44BCF8C441A}.Release|Any CPU.ActiveCfg = Release|Any CPU
		{7B813CBD-DEF0-42E0-9FFE-B44BCF8C441A}.Release|Any CPU.Build.0 = Release|Any CPU
		{7B813CBD-DEF0-42E0-9FFE-B44BCF8C441A}.Release|Any CPU.Deploy.0 = Release|Any CPU
		{7B813CBD-DEF0-42E0-9FFE-B44BCF8C441A}.Release|iPhone.ActiveCfg = Release|Any CPU
		{7B813CBD-DEF0-42E0-9FFE-B44BCF8C441A}.Release|iPhone.Build.0 = Release|Any CPU
		{7B813CBD-DEF0-42E0-9FFE-B44BCF8C441A}.Release|iPhone.Deploy.0 = Release|Any CPU
		{7B813CBD-DEF0-42E0-9FFE-B44BCF8C441A}.Release|iPhoneSimulator.ActiveCfg = Release|Any CPU
		{7B813CBD-DEF0-42E0-9FFE-B44BCF8C441A}.Release|iPhoneSimulator.Build.0 = Release|Any CPU
		{7B813CBD-DEF0-42E0-9FFE-B44BCF8C441A}.Release|iPhoneSimulator.Deploy.0 = Release|Any CPU
		{8BB946A4-4C0B-40B8-8B2A-38B4BF2926B0}.Debug|Any CPU.ActiveCfg = Debug|iPhone
		{8BB946A4-4C0B-40B8-8B2A-38B4BF2926B0}.Debug|Any CPU.Build.0 = Debug|iPhone
		{8BB946A4-4C0B-40B8-8B2A-38B4BF2926B0}.Debug|Any CPU.Deploy.0 = Debug|iPhone
		{8BB946A4-4C0B-40B8-8B2A-38B4BF2926B0}.Debug|iPhone.ActiveCfg = Debug|iPhone
		{8BB946A4-4C0B-40B8-8B2A-38B4BF2926B0}.Debug|iPhone.Build.0 = Debug|iPhone
		{8BB946A4-4C0B-40B8-8B2A-38B4BF2926B0}.Debug|iPhone.Deploy.0 = Debug|iPhone
		{8BB946A4-4C0B-40B8-8B2A-38B4BF2926B0}.Debug|iPhoneSimulator.ActiveCfg = Debug|iPhoneSimulator
		{8BB946A4-4C0B-40B8-8B2A-38B4BF2926B0}.Debug|iPhoneSimulator.Build.0 = Debug|iPhoneSimulator
		{8BB946A4-4C0B-40B8-8B2A-38B4BF2926B0}.Debug|iPhoneSimulator.Deploy.0 = Debug|iPhoneSimulator
		{8BB946A4-4C0B-40B8-8B2A-38B4BF2926B0}.Release|Any CPU.ActiveCfg = Release|iPhoneSimulator
		{8BB946A4-4C0B-40B8-8B2A-38B4BF2926B0}.Release|Any CPU.Build.0 = Release|iPhoneSimulator
		{8BB946A4-4C0B-40B8-8B2A-38B4BF2926B0}.Release|Any CPU.Deploy.0 = Release|iPhoneSimulator
		{8BB946A4-4C0B-40B8-8B2A-38B4BF2926B0}.Release|iPhone.ActiveCfg = Release|iPhone
		{8BB946A4-4C0B-40B8-8B2A-38B4BF2926B0}.Release|iPhone.Build.0 = Release|iPhone
		{8BB946A4-4C0B-40B8-8B2A-38B4BF2926B0}.Release|iPhone.Deploy.0 = Release|iPhone
		{8BB946A4-4C0B-40B8-8B2A-38B4BF2926B0}.Release|iPhoneSimulator.ActiveCfg = Release|iPhoneSimulator
		{8BB946A4-4C0B-40B8-8B2A-38B4BF2926B0}.Release|iPhoneSimulator.Build.0 = Release|iPhoneSimulator
		{8BB946A4-4C0B-40B8-8B2A-38B4BF2926B0}.Release|iPhoneSimulator.Deploy.0 = Release|iPhoneSimulator
		{0448A8C9-2B41-4764-8355-892AE7237701}.Debug|Any CPU.ActiveCfg = Debug|Any CPU
		{0448A8C9-2B41-4764-8355-892AE7237701}.Debug|Any CPU.Build.0 = Debug|Any CPU
		{0448A8C9-2B41-4764-8355-892AE7237701}.Debug|Any CPU.Deploy.0 = Debug|Any CPU
		{0448A8C9-2B41-4764-8355-892AE7237701}.Debug|iPhone.ActiveCfg = Debug|Any CPU
		{0448A8C9-2B41-4764-8355-892AE7237701}.Debug|iPhone.Build.0 = Debug|Any CPU
		{0448A8C9-2B41-4764-8355-892AE7237701}.Debug|iPhone.Deploy.0 = Debug|Any CPU
		{0448A8C9-2B41-4764-8355-892AE7237701}.Debug|iPhoneSimulator.ActiveCfg = Debug|Any CPU
		{0448A8C9-2B41-4764-8355-892AE7237701}.Debug|iPhoneSimulator.Build.0 = Debug|Any CPU
		{0448A8C9-2B41-4764-8355-892AE7237701}.Debug|iPhoneSimulator.Deploy.0 = Debug|Any CPU
		{0448A8C9-2B41-4764-8355-892AE7237701}.Release|Any CPU.ActiveCfg = Release|Any CPU
		{0448A8C9-2B41-4764-8355-892AE7237701}.Release|Any CPU.Build.0 = Release|Any CPU
		{0448A8C9-2B41-4764-8355-892AE7237701}.Release|Any CPU.Deploy.0 = Release|Any CPU
		{0448A8C9-2B41-4764-8355-892AE7237701}.Release|iPhone.ActiveCfg = Release|Any CPU
		{0448A8C9-2B41-4764-8355-892AE7237701}.Release|iPhone.Build.0 = Release|Any CPU
		{0448A8C9-2B41-4764-8355-892AE7237701}.Release|iPhone.Deploy.0 = Release|Any CPU
		{0448A8C9-2B41-4764-8355-892AE7237701}.Release|iPhoneSimulator.ActiveCfg = Release|Any CPU
		{0448A8C9-2B41-4764-8355-892AE7237701}.Release|iPhoneSimulator.Build.0 = Release|Any CPU
		{0448A8C9-2B41-4764-8355-892AE7237701}.Release|iPhoneSimulator.Deploy.0 = Release|Any CPU
	EndGlobalSection
	GlobalSection(SolutionProperties) = preSolution
		HideSolutionNode = FALSE
	EndGlobalSection
	GlobalSection(ExtensibilityGlobals) = postSolution
		SolutionGuid = {3A14A9E9-FA14-47F2-A074-F29CF9D69792}
	EndGlobalSection
EndGlobal
